
Microsoft Visual Studio Solution File, Format Version 12.00
# Visual Studio Version 16
VisualStudioVersion = 16.0.32929.386
MinimumVisualStudioVersion = 10.0.40219.1
Project("{FAE04EC0-301F-11D3-BF4B-00C04F79EFBC}") = "UILogin.UWP", "UILogin.UWP\UILogin.UWP.csproj", "{C7EE752D-CFFD-40E4-9FB8-452C39739ADA}"
EndProject
Project("{FAE04EC0-301F-11D3-BF4B-00C04F79EFBC}") = "UILogin.Android", "UILogin.Android\UILogin.Android.csproj", "{0A52B553-55C3-4A6E-94C6-69FB329BB57B}"
EndProject
Project("{FAE04EC0-301F-11D3-BF4B-00C04F79EFBC}") = "UILogin.iOS", "UILogin.iOS\UILogin.iOS.csproj", "{C87FD2DC-4F92-41EF-90C5-977B03E6C284}"
EndProject
Project("{FAE04EC0-301F-11D3-BF4B-00C04F79EFBC}") = "UILogin", "UILogin\UILogin.csproj", "{DA5DCA7C-12D1-461C-99A1-FD881BB46929}"
EndProject
Global
	GlobalSection(SolutionConfigurationPlatforms) = preSolution
		Debug|Any CPU = Debug|Any CPU
		Debug|ARM = Debug|ARM
		Debug|iPhone = Debug|iPhone
		Debug|iPhoneSimulator = Debug|iPhoneSimulator
		Debug|x64 = Debug|x64
		Debug|x86 = Debug|x86
		Release|Any CPU = Release|Any CPU
		Release|ARM = Release|ARM
		Release|iPhone = Release|iPhone
		Release|iPhoneSimulator = Release|iPhoneSimulator
		Release|x64 = Release|x64
		Release|x86 = Release|x86
	EndGlobalSection
	GlobalSection(ProjectConfigurationPlatforms) = postSolution
		{C7EE752D-CFFD-40E4-9FB8-452C39739ADA}.Debug|Any CPU.ActiveCfg = Debug|x86
		{C7EE752D-CFFD-40E4-9FB8-452C39739ADA}.Debug|Any CPU.Build.0 = Debug|x86
		{C7EE752D-CFFD-40E4-9FB8-452C39739ADA}.Debug|Any CPU.Deploy.0 = Debug|x86
		{C7EE752D-CFFD-40E4-9FB8-452C39739ADA}.Debug|ARM.ActiveCfg = Debug|ARM
		{C7EE752D-CFFD-40E4-9FB8-452C39739ADA}.Debug|ARM.Build.0 = Debug|ARM
		{C7EE752D-CFFD-40E4-9FB8-452C39739ADA}.Debug|ARM.Deploy.0 = Debug|ARM
		{C7EE752D-CFFD-40E4-9FB8-452C39739ADA}.Debug|iPhone.ActiveCfg = Debug|x86
		{C7EE752D-CFFD-40E4-9FB8-452C39739ADA}.Debug|iPhone.Build.0 = Debug|x86
		{C7EE752D-CFFD-40E4-9FB8-452C39739ADA}.Debug|iPhone.Deploy.0 = Debug|x86
		{C7EE752D-CFFD-40E4-9FB8-452C39739ADA}.Debug|iPhoneSimulator.ActiveCfg = Debug|x86
		{C7EE752D-CFFD-40E4-9FB8-452C39739ADA}.Debug|iPhoneSimulator.Build.0 = Debug|x86
		{C7EE752D-CFFD-40E4-9FB8-452C39739ADA}.Debug|iPhoneSimulator.Deploy.0 = Debug|x86
		{C7EE752D-CFFD-40E4-9FB8-452C39739ADA}.Debug|x64.ActiveCfg = Debug|x64
		{C7EE752D-CFFD-40E4-9FB8-452C39739ADA}.Debug|x64.Build.0 = Debug|x64
		{C7EE752D-CFFD-40E4-9FB8-452C39739ADA}.Debug|x64.Deploy.0 = Debug|x64
		{C7EE752D-CFFD-40E4-9FB8-452C39739ADA}.Debug|x86.ActiveCfg = Debug|x86
		{C7EE752D-CFFD-40E4-9FB8-452C39739ADA}.Debug|x86.Build.0 = Debug|x86
		{C7EE752D-CFFD-40E4-9FB8-452C39739ADA}.Debug|x86.Deploy.0 = Debug|x86
		{C7EE752D-CFFD-40E4-9FB8-452C39739ADA}.Release|Any CPU.ActiveCfg = Release|x86
		{C7EE752D-CFFD-40E4-9FB8-452C39739ADA}.Release|Any CPU.Build.0 = Release|x86
		{C7EE752D-CFFD-40E4-9FB8-452C39739ADA}.Release|Any CPU.Deploy.0 = Release|x86
		{C7EE752D-CFFD-40E4-9FB8-452C39739ADA}.Release|ARM.ActiveCfg = Release|ARM
		{C7EE752D-CFFD-40E4-9FB8-452C39739ADA}.Release|ARM.Build.0 = Release|ARM
		{C7EE752D-CFFD-40E4-9FB8-452C39739ADA}.Release|ARM.Deploy.0 = Release|ARM
		{C7EE752D-CFFD-40E4-9FB8-452C39739ADA}.Release|iPhone.ActiveCfg = Release|x86
		{C7EE752D-CFFD-40E4-9FB8-452C39739ADA}.Release|iPhone.Build.0 = Release|x86
		{C7EE752D-CFFD-40E4-9FB8-452C39739ADA}.Release|iPhone.Deploy.0 = Release|x86
		{C7EE752D-CFFD-40E4-9FB8-452C39739ADA}.Release|iPhoneSimulator.ActiveCfg = Release|x86
		{C7EE752D-CFFD-40E4-9FB8-452C39739ADA}.Release|iPhoneSimulator.Build.0 = Release|x86
		{C7EE752D-CFFD-40E4-9FB8-452C39739ADA}.Release|iPhoneSimulator.Deploy.0 = Release|x86
		{C7EE752D-CFFD-40E4-9FB8-452C39739ADA}.Release|x64.ActiveCfg = Release|x64
		{C7EE752D-CFFD-40E4-9FB8-452C39739ADA}.Release|x64.Build.0 = Release|x64
		{C7EE752D-CFFD-40E4-9FB8-452C39739ADA}.Release|x64.Deploy.0 = Release|x64
		{C7EE752D-CFFD-40E4-9FB8-452C39739ADA}.Release|x86.ActiveCfg = Release|x86
		{C7EE752D-CFFD-40E4-9FB8-452C39739ADA}.Release|x86.Build.0 = Release|x86
		{C7EE752D-CFFD-40E4-9FB8-452C39739ADA}.Release|x86.Deploy.0 = Release|x86
		{0A52B553-55C3-4A6E-94C6-69FB329BB57B}.Debug|Any CPU.ActiveCfg = Debug|Any CPU
		{0A52B553-55C3-4A6E-94C6-69FB329BB57B}.Debug|Any CPU.Build.0 = Debug|Any CPU
		{0A52B553-55C3-4A6E-94C6-69FB329BB57B}.Debug|Any CPU.Deploy.0 = Debug|Any CPU
		{0A52B553-55C3-4A6E-94C6-69FB329BB57B}.Debug|ARM.ActiveCfg = Debug|Any CPU
		{0A52B553-55C3-4A6E-94C6-69FB329BB57B}.Debug|ARM.Build.0 = Debug|Any CPU
		{0A52B553-55C3-4A6E-94C6-69FB329BB57B}.Debug|ARM.Deploy.0 = Debug|Any CPU
		{0A52B553-55C3-4A6E-94C6-69FB329BB57B}.Debug|iPhone.ActiveCfg = Debug|Any CPU
		{0A52B553-55C3-4A6E-94C6-69FB329BB57B}.Debug|iPhone.Build.0 = Debug|Any CPU
		{0A52B553-55C3-4A6E-94C6-69FB329BB57B}.Debug|iPhone.Deploy.0 = Debug|Any CPU
		{0A52B553-55C3-4A6E-94C6-69FB329BB57B}.Debug|iPhoneSimulator.ActiveCfg = Debug|Any CPU
		{0A52B553-55C3-4A6E-94C6-69FB329BB57B}.Debug|iPhoneSimulator.Build.0 = Debug|Any CPU
		{0A52B553-55C3-4A6E-94C6-69FB329BB57B}.Debug|iPhoneSimulator.Deploy.0 = Debug|Any CPU
		{0A52B553-55C3-4A6E-94C6-69FB329BB57B}.Debug|x64.ActiveCfg = Debug|Any CPU
		{0A52B553-55C3-4A6E-94C6-69FB329BB57B}.Debug|x64.Build.0 = Debug|Any CPU
		{0A52B553-55C3-4A6E-94C6-69FB329BB57B}.Debug|x64.Deploy.0 = Debug|Any CPU
		{0A52B553-55C3-4A6E-94C6-69FB329BB57B}.Debug|x86.ActiveCfg = Debug|Any CPU
		{0A52B553-55C3-4A6E-94C6-69FB329BB57B}.Debug|x86.Build.0 = Debug|Any CPU
		{0A52B553-55C3-4A6E-94C6-69FB329BB57B}.Debug|x86.Deploy.0 = Debug|Any CPU
		{0A52B553-55C3-4A6E-94C6-69FB329BB57B}.Release|Any CPU.ActiveCfg = Release|Any CPU
		{0A52B553-55C3-4A6E-94C6-69FB329BB57B}.Release|Any CPU.Build.0 = Release|Any CPU
		{0A52B553-55C3-4A6E-94C6-69FB329BB57B}.Release|Any CPU.Deploy.0 = Release|Any CPU
		{0A52B553-55C3-4A6E-94C6-69FB329BB57B}.Release|ARM.ActiveCfg = Release|Any CPU
		{0A52B553-55C3-4A6E-94C6-69FB329BB57B}.Release|ARM.Build.0 = Release|Any CPU
		{0A52B553-55C3-4A6E-94C6-69FB329BB57B}.Release|ARM.Deploy.0 = Release|Any CPU
		{0A52B553-55C3-4A6E-94C6-69FB329BB57B}.Release|iPhone.ActiveCfg = Release|Any CPU
		{0A52B553-55C3-4A6E-94C6-69FB329BB57B}.Release|iPhone.Build.0 = Release|Any CPU
		{0A52B553-55C3-4A6E-94C6-69FB329BB57B}.Release|iPhone.Deploy.0 = Release|Any CPU
		{0A52B553-55C3-4A6E-94C6-69FB329BB57B}.Release|iPhoneSimulator.ActiveCfg = Release|Any CPU
		{0A52B553-55C3-4A6E-94C6-69FB329BB57B}.Release|iPhoneSimulator.Build.0 = Release|Any CPU
		{0A52B553-55C3-4A6E-94C6-69FB329BB57B}.Release|iPhoneSimulator.Deploy.0 = Release|Any CPU
		{0A52B553-55C3-4A6E-94C6-69FB329BB57B}.Release|x64.ActiveCfg = Release|Any CPU
		{0A52B553-55C3-4A6E-94C6-69FB329BB57B}.Release|x64.Build.0 = Release|Any CPU
		{0A52B553-55C3-4A6E-94C6-69FB329BB57B}.Release|x64.Deploy.0 = Release|Any CPU
		{0A52B553-55C3-4A6E-94C6-69FB329BB57B}.Release|x86.ActiveCfg = Release|Any CPU
		{0A52B553-55C3-4A6E-94C6-69FB329BB57B}.Release|x86.Build.0 = Release|Any CPU
		{0A52B553-55C3-4A6E-94C6-69FB329BB57B}.Release|x86.Deploy.0 = Release|Any CPU
		{C87FD2DC-4F92-41EF-90C5-977B03E6C284}.Debug|Any CPU.ActiveCfg = Debug|iPhoneSimulator
		{C87FD2DC-4F92-41EF-90C5-977B03E6C284}.Debug|Any CPU.Build.0 = Debug|iPhoneSimulator
		{C87FD2DC-4F92-41EF-90C5-977B03E6C284}.Debug|Any CPU.Deploy.0 = Debug|iPhoneSimulator
		{C87FD2DC-4F92-41EF-90C5-977B03E6C284}.Debug|ARM.ActiveCfg = Debug|iPhone
		{C87FD2DC-4F92-41EF-90C5-977B03E6C284}.Debug|ARM.Build.0 = Debug|iPhone
		{C87FD2DC-4F92-41EF-90C5-977B03E6C284}.Debug|ARM.Deploy.0 = Debug|iPhone
		{C87FD2DC-4F92-41EF-90C5-977B03E6C284}.Debug|iPhone.ActiveCfg = Debug|iPhone
		{C87FD2DC-4F92-41EF-90C5-977B03E6C284}.Debug|iPhone.Build.0 = Debug|iPhone
		{C87FD2DC-4F92-41EF-90C5-977B03E6C284}.Debug|iPhone.Deploy.0 = Debug|iPhone
		{C87FD2DC-4F92-41EF-90C5-977B03E6C284}.Debug|iPhoneSimulator.ActiveCfg = Debug|iPhoneSimulator
		{C87FD2DC-4F92-41EF-90C5-977B03E6C284}.Debug|iPhoneSimulator.Build.0 = Debug|iPhoneSimulator
		{C87FD2DC-4F92-41EF-90C5-977B03E6C284}.Debug|iPhoneSimulator.Deploy.0 = Debug|iPhoneSimulator
		{C87FD2DC-4F92-41EF-90C5-977B03E6C284}.Debug|x64.ActiveCfg = Debug|iPhoneSimulator
		{C87FD2DC-4F92-41EF-90C5-977B03E6C284}.Debug|x64.Build.0 = Debug|iPhoneSimulator
		{C87FD2DC-4F92-41EF-90C5-977B03E6C284}.Debug|x64.Deploy.0 = Debug|iPhoneSimulator
		{C87FD2DC-4F92-41EF-90C5-977B03E6C284}.Debug|x86.ActiveCfg = Debug|iPhoneSimulator
		{C87FD2DC-4F92-41EF-90C5-977B03E6C284}.Debug|x86.Build.0 = Debug|iPhoneSimulator
		{C87FD2DC-4F92-41EF-90C5-977B03E6C284}.Debug|x86.Deploy.0 = Debug|iPhoneSimulator
		{C87FD2DC-4F92-41EF-90C5-977B03E6C284}.Release|Any CPU.ActiveCfg = Release|iPhoneSimulator
		{C87FD2DC-4F92-41EF-90C5-977B03E6C284}.Release|Any CPU.Build.0 = Release|iPhoneSimulator
		{C87FD2DC-4F92-41EF-90C5-977B03E6C284}.Release|Any CPU.Deploy.0 = Release|iPhoneSimulator
		{C87FD2DC-4F92-41EF-90C5-977B03E6C284}.Release|ARM.ActiveCfg = Release|iPhoneSimulator
		{C87FD2DC-4F92-41EF-90C5-977B03E6C284}.Release|ARM.Build.0 = Release|iPhoneSimulator
		{C87FD2DC-4F92-41EF-90C5-977B03E6C284}.Release|ARM.Deploy.0 = Release|iPhoneSimulator
		{C87FD2DC-4F92-41EF-90C5-977B03E6C284}.Release|iPhone.ActiveCfg = Release|iPhone
		{C87FD2DC-4F92-41EF-90C5-977B03E6C284}.Release|iPhone.Build.0 = Release|iPhone
		{C87FD2DC-4F92-41EF-90C5-977B03E6C284}.Release|iPhone.Deploy.0 = Release|iPhone
		{C87FD2DC-4F92-41EF-90C5-977B03E6C284}.Release|iPhoneSimulator.ActiveCfg = Release|iPhoneSimulator
		{C87FD2DC-4F92-41EF-90C5-977B03E6C284}.Release|iPhoneSimulator.Build.0 = Release|iPhoneSimulator
		{C87FD2DC-4F92-41EF-90C5-977B03E6C284}.Release|iPhoneSimulator.Deploy.0 = Release|iPhoneSimulator
		{C87FD2DC-4F92-41EF-90C5-977B03E6C284}.Release|x64.ActiveCfg = Release|iPhoneSimulator
		{C87FD2DC-4F92-41EF-90C5-977B03E6C284}.Release|x64.Build.0 = Release|iPhoneSimulator
		{C87FD2DC-4F92-41EF-90C5-977B03E6C284}.Release|x64.Deploy.0 = Release|iPhoneSimulator
		{C87FD2DC-4F92-41EF-90C5-977B03E6C284}.Release|x86.ActiveCfg = Release|iPhoneSimulator
		{C87FD2DC-4F92-41EF-90C5-977B03E6C284}.Release|x86.Build.0 = Release|iPhoneSimulator
		{C87FD2DC-4F92-41EF-90C5-977B03E6C284}.Release|x86.Deploy.0 = Release|iPhoneSimulator
		{DA5DCA7C-12D1-461C-99A1-FD881BB46929}.Debug|Any CPU.ActiveCfg = Debug|Any CPU
		{DA5DCA7C-12D1-461C-99A1-FD881BB46929}.Debug|Any CPU.Build.0 = Debug|Any CPU
		{DA5DCA7C-12D1-461C-99A1-FD881BB46929}.Debug|Any CPU.Deploy.0 = Debug|Any CPU
		{DA5DCA7C-12D1-461C-99A1-FD881BB46929}.Debug|ARM.ActiveCfg = Debug|Any CPU
		{DA5DCA7C-12D1-461C-99A1-FD881BB46929}.Debug|ARM.Build.0 = Debug|Any CPU
		{DA5DCA7C-12D1-461C-99A1-FD881BB46929}.Debug|ARM.Deploy.0 = Debug|Any CPU
		{DA5DCA7C-12D1-461C-99A1-FD881BB46929}.Debug|iPhone.ActiveCfg = Debug|Any CPU
		{DA5DCA7C-12D1-461C-99A1-FD881BB46929}.Debug|iPhone.Build.0 = Debug|Any CPU
		{DA5DCA7C-12D1-461C-99A1-FD881BB46929}.Debug|iPhone.Deploy.0 = Debug|Any CPU
		{DA5DCA7C-12D1-461C-99A1-FD881BB46929}.Debug|iPhoneSimulator.ActiveCfg = Debug|Any CPU
		{DA5DCA7C-12D1-461C-99A1-FD881BB46929}.Debug|iPhoneSimulator.Build.0 = Debug|Any CPU
		{DA5DCA7C-12D1-461C-99A1-FD881BB46929}.Debug|iPhoneSimulator.Deploy.0 = Debug|Any CPU
		{DA5DCA7C-12D1-461C-99A1-FD881BB46929}.Debug|x64.ActiveCfg = Debug|Any CPU
		{DA5DCA7C-12D1-461C-99A1-FD881BB46929}.Debug|x64.Build.0 = Debug|Any CPU
		{DA5DCA7C-12D1-461C-99A1-FD881BB46929}.Debug|x64.Deploy.0 = Debug|Any CPU
		{DA5DCA7C-12D1-461C-99A1-FD881BB46929}.Debug|x86.ActiveCfg = Debug|Any CPU
		{DA5DCA7C-12D1-461C-99A1-FD881BB46929}.Debug|x86.Build.0 = Debug|Any CPU
		{DA5DCA7C-12D1-461C-99A1-FD881BB46929}.Debug|x86.Deploy.0 = Debug|Any CPU
		{DA5DCA7C-12D1-461C-99A1-FD881BB46929}.Release|Any CPU.ActiveCfg = Release|Any CPU
		{DA5DCA7C-12D1-461C-99A1-FD881BB46929}.Release|Any CPU.Build.0 = Release|Any CPU
		{DA5DCA7C-12D1-461C-99A1-FD881BB46929}.Release|Any CPU.Deploy.0 = Release|Any CPU
		{DA5DCA7C-12D1-461C-99A1-FD881BB46929}.Release|ARM.ActiveCfg = Release|Any CPU
		{DA5DCA7C-12D1-461C-99A1-FD881BB46929}.Release|ARM.Build.0 = Release|Any CPU
		{DA5DCA7C-12D1-461C-99A1-FD881BB46929}.Release|ARM.Deploy.0 = Release|Any CPU
		{DA5DCA7C-12D1-461C-99A1-FD881BB46929}.Release|iPhone.ActiveCfg = Release|Any CPU
		{DA5DCA7C-12D1-461C-99A1-FD881BB46929}.Release|iPhone.Build.0 = Release|Any CPU
		{DA5DCA7C-12D1-461C-99A1-FD881BB46929}.Release|iPhone.Deploy.0 = Release|Any CPU
		{DA5DCA7C-12D1-461C-99A1-FD881BB46929}.Release|iPhoneSimulator.ActiveCfg = Release|Any CPU
		{DA5DCA7C-12D1-461C-99A1-FD881BB46929}.Release|iPhoneSimulator.Build.0 = Release|Any CPU
		{DA5DCA7C-12D1-461C-99A1-FD881BB46929}.Release|iPhoneSimulator.Deploy.0 = Release|Any CPU
		{DA5DCA7C-12D1-461C-99A1-FD881BB46929}.Release|x64.ActiveCfg = Release|Any CPU
		{DA5DCA7C-12D1-461C-99A1-FD881BB46929}.Release|x64.Build.0 = Release|Any CPU
		{DA5DCA7C-12D1-461C-99A1-FD881BB46929}.Release|x64.Deploy.0 = Release|Any CPU
		{DA5DCA7C-12D1-461C-99A1-FD881BB46929}.Release|x86.ActiveCfg = Release|Any CPU
		{DA5DCA7C-12D1-461C-99A1-FD881BB46929}.Release|x86.Build.0 = Release|Any CPU
		{DA5DCA7C-12D1-461C-99A1-FD881BB46929}.Release|x86.Deploy.0 = Release|Any CPU
	EndGlobalSection
	GlobalSection(SolutionProperties) = preSolution
		HideSolutionNode = FALSE
	EndGlobalSection
	GlobalSection(ExtensibilityGlobals) = postSolution
		SolutionGuid = {A8EE5820-6062-465F-A054-AE891E075F24}
	EndGlobalSection
EndGlobal
